
Microsoft Visual Studio Solution File, Format Version 12.00
# Visual Studio Version 17
VisualStudioVersion = 17.5.002.0
MinimumVisualStudioVersion = 10.0.40219.1
Project("{9A19103F-16F7-4668-BE54-9A1E7A4F7556}") = "Backend", "Backend.csproj", "{A9108473-A42F-4ED1-81DA-7FE7987D6F0F}"
EndProject
Global
	GlobalSection(SolutionConfigurationPlatforms) = preSolution
		Debug|Any CPU = Debug|Any CPU
		Release|Any CPU = Release|Any CPU
	EndGlobalSection
	GlobalSection(ProjectConfigurationPlatforms) = postSolution
		{A9108473-A42F-4ED1-81DA-7FE7987D6F0F}.Debug|Any CPU.ActiveCfg = Debug|Any CPU
		{A9108473-A42F-4ED1-81DA-7FE7987D6F0F}.Debug|Any CPU.Build.0 = Debug|Any CPU
		{A9108473-A42F-4ED1-81DA-7FE7987D6F0F}.Release|Any CPU.ActiveCfg = Release|Any CPU
		{A9108473-A42F-4ED1-81DA-7FE7987D6F0F}.Release|Any CPU.Build.0 = Release|Any CPU
	EndGlobalSection
	GlobalSection(SolutionProperties) = preSolution
		HideSolutionNode = FALSE
	EndGlobalSection
	GlobalSection(ExtensibilityGlobals) = postSolution
		SolutionGuid = {1B69D529-4BC7-4F5E-A329-FB2EA8AF7101}
	EndGlobalSection
EndGlobal
